{
    "name": "filesystem-semantic-search",
    "version": "0.1.0",
    "lockfileVersion": 3,
    "requires": true,
    "packages": {
        "": {
            "name": "filesystem-semantic-search",
            "version": "0.1.0",
            "dependencies": {
                "@mocu/extension-sdk": "file:./vendor/extension-sdk"
            }
        },
        "node_modules/@mocu/extension-contracts": {
            "resolved": "vendor/extension-contracts",
            "link": true
        },
        "node_modules/@mocu/extension-sdk": {
            "resolved": "vendor/extension-sdk",
            "link": true
        },
        "vendor/extension-contracts": {
            "name": "@mocu/extension-contracts",
            "version": "0.1.0"
        },
        "vendor/extension-sdk": {
            "name": "@mocu/extension-sdk",
            "version": "0.1.0",
            "dependencies": {
                "@mocu/extension-contracts": "file:../extension-contracts"
            }
        }
    }
}
